// !$*UTF8*$!
{
	archiveVersion = 1;
	classes = {
	};
	objectVersion = 56;
	objects = {

/* Begin PBXBuildFile section */
		3B6D6F1F2AA0CC8800F81209 /* TGrafoND.cpp in Sources */ = {isa = PBXBuildFile; fileRef = 3B6D6F1E2AA0CC8800F81209 /* TGrafoND.cpp */; };
		3B6D6F212AA0CCA000F81209 /* TGrafoNDR.cpp in Sources */ = {isa = PBXBuildFile; fileRef = 3B6D6F202AA0CCA000F81209 /* TGrafoNDR.cpp */; };
		3B9C46162A9E299300FBCC19 /* main.cpp in Sources */ = {isa = PBXBuildFile; fileRef = 3B9C46122A9E299300FBCC19 /* main.cpp */; };
		3B9C46172A9E299300FBCC19 /* TGrafo.cpp in Sources */ = {isa = PBXBuildFile; fileRef = 3B9C46142A9E299300FBCC19 /* TGrafo.cpp */; };
		3B9C46182A9E299300FBCC19 /* TGrafoR.cpp in Sources */ = {isa = PBXBuildFile; fileRef = 3B9C46152A9E299300FBCC19 /* TGrafoR.cpp */; };
		3BC455622AA21E9D006CCD79 /* pilha.cpp in Sources */ = {isa = PBXBuildFile; fileRef = 3BC4555F2AA21E9D006CCD79 /* pilha.cpp */; };
		3BC921822AB3429C0096BC76 /* TGrafoLista.cpp in Sources */ = {isa = PBXBuildFile; fileRef = 3BC921812AB3429C0096BC76 /* TGrafoLista.cpp */; };
/* End PBXBuildFile section */

/* Begin PBXCopyFilesBuildPhase section */
		3B9C46062A9E290D00FBCC19 /* CopyFiles */ = {
			isa = PBXCopyFilesBuildPhase;
			buildActionMask = 2147483647;
			dstPath = /usr/share/man/man1/;
			dstSubfolderSpec = 0;
			files = (
			);
			runOnlyForDeploymentPostprocessing = 1;
		};
/* End PBXCopyFilesBuildPhase section */

/* Begin PBXFileReference section */
		3B6D6F1E2AA0CC8800F81209 /* TGrafoND.cpp */ = {isa = PBXFileReference; lastKnownFileType = sourcecode.cpp.cpp; path = TGrafoND.cpp; sourceTree = "<group>"; };
		3B6D6F202AA0CCA000F81209 /* TGrafoNDR.cpp */ = {isa = PBXFileReference; lastKnownFileType = sourcecode.cpp.cpp; path = TGrafoNDR.cpp; sourceTree = "<group>"; };
		3B8CF34C2AB359630096CEBB /* TGrafoR.h */ = {isa = PBXFileReference; lastKnownFileType = sourcecode.c.h; path = TGrafoR.h; sourceTree = "<group>"; };
		3B9C46082A9E290D00FBCC19 /* Teoria dos Grafos */ = {isa = PBXFileReference; explicitFileType = "compiled.mach-o.executable"; includeInIndex = 0; path = "Teoria dos Grafos"; sourceTree = BUILT_PRODUCTS_DIR; };
		3B9C46122A9E299300FBCC19 /* main.cpp */ = {isa = PBXFileReference; fileEncoding = 4; lastKnownFileType = sourcecode.cpp.cpp; path = main.cpp; sourceTree = "<group>"; };
		3B9C46132A9E299300FBCC19 /* TGrafo.h */ = {isa = PBXFileReference; fileEncoding = 4; lastKnownFileType = sourcecode.c.h; path = TGrafo.h; sourceTree = "<group>"; };
		3B9C46142A9E299300FBCC19 /* TGrafo.cpp */ = {isa = PBXFileReference; fileEncoding = 4; lastKnownFileType = sourcecode.cpp.cpp; path = TGrafo.cpp; sourceTree = "<group>"; };
		3B9C46152A9E299300FBCC19 /* TGrafoR.cpp */ = {isa = PBXFileReference; fileEncoding = 4; lastKnownFileType = sourcecode.cpp.cpp; path = TGrafoR.cpp; sourceTree = "<group>"; };
		3BC4555F2AA21E9D006CCD79 /* pilha.cpp */ = {isa = PBXFileReference; fileEncoding = 4; lastKnownFileType = sourcecode.cpp.cpp; path = pilha.cpp; sourceTree = "<group>"; };
		3BC455602AA21E9D006CCD79 /* pilha.h */ = {isa = PBXFileReference; fileEncoding = 4; lastKnownFileType = sourcecode.c.h; path = pilha.h; sourceTree = "<group>"; };
		3BC921802AB342450096BC76 /* grafo.md */ = {isa = PBXFileReference; lastKnownFileType = net.daringfireball.markdown; path = grafo.md; sourceTree = "<group>"; };
		3BC921812AB3429C0096BC76 /* TGrafoLista.cpp */ = {isa = PBXFileReference; lastKnownFileType = sourcecode.cpp.cpp; path = TGrafoLista.cpp; sourceTree = "<group>"; };
/* End PBXFileReference section */

/* Begin PBXFrameworksBuildPhase section */
		3B9C46052A9E290D00FBCC19 /* Frameworks */ = {
			isa = PBXFrameworksBuildPhase;
			buildActionMask = 2147483647;
			files = (
			);
			runOnlyForDeploymentPostprocessing = 0;
		};
/* End PBXFrameworksBuildPhase section */

/* Begin PBXGroup section */
		3B9C45FF2A9E290D00FBCC19 = {
			isa = PBXGroup;
			children = (
				3B9C460A2A9E290D00FBCC19 /* Teoria dos Grafos */,
				3B9C46092A9E290D00FBCC19 /* Products */,
			);
			sourceTree = "<group>";
		};
		3B9C46092A9E290D00FBCC19 /* Products */ = {
			isa = PBXGroup;
			children = (
				3B9C46082A9E290D00FBCC19 /* Teoria dos Grafos */,
			);
			name = Products;
			sourceTree = "<group>";
		};
		3B9C460A2A9E290D00FBCC19 /* Teoria dos Grafos */ = {
			isa = PBXGroup;
			children = (
				3B9C46122A9E299300FBCC19 /* main.cpp */,
				3B9C46142A9E299300FBCC19 /* TGrafo.cpp */,
				3B9C46132A9E299300FBCC19 /* TGrafo.h */,
				3B9C46152A9E299300FBCC19 /* TGrafoR.cpp */,
				3B8CF34C2AB359630096CEBB /* TGrafoR.h */,
				3B6D6F1E2AA0CC8800F81209 /* TGrafoND.cpp */,
				3B6D6F202AA0CCA000F81209 /* TGrafoNDR.cpp */,
				3BC921812AB3429C0096BC76 /* TGrafoLista.cpp */,
				3BC4555F2AA21E9D006CCD79 /* pilha.cpp */,
				3BC455602AA21E9D006CCD79 /* pilha.h */,
				3BC921802AB342450096BC76 /* grafo.md */,
			);
			path = "Teoria dos Grafos";
			sourceTree = "<group>";
		};
/* End PBXGroup section */

/* Begin PBXNativeTarget section */
		3B9C46072A9E290D00FBCC19 /* Teoria dos Grafos */ = {
			isa = PBXNativeTarget;
			buildConfigurationList = 3B9C460F2A9E290D00FBCC19 /* Build configuration list for PBXNativeTarget "Teoria dos Grafos" */;
			buildPhases = (
				3B9C46042A9E290D00FBCC19 /* Sources */,
				3B9C46052A9E290D00FBCC19 /* Frameworks */,
				3B9C46062A9E290D00FBCC19 /* CopyFiles */,
			);
			buildRules = (
			);
			dependencies = (
			);
			name = "Teoria dos Grafos";
			productName = "Teoria dos Grafos";
			productReference = 3B9C46082A9E290D00FBCC19 /* Teoria dos Grafos */;
			productType = "com.apple.product-type.tool";
		};
/* End PBXNativeTarget section */

/* Begin PBXProject section */
		3B9C46002A9E290D00FBCC19 /* Project object */ = {
			isa = PBXProject;
			attributes = {
				BuildIndependentTargetsInParallel = 1;
				LastUpgradeCheck = 1430;
				TargetAttributes = {
					3B9C46072A9E290D00FBCC19 = {
						CreatedOnToolsVersion = 14.3.1;
					};
				};
			};
			buildConfigurationList = 3B9C46032A9E290D00FBCC19 /* Build configuration list for PBXProject "Teoria dos Grafos" */;
			compatibilityVersion = "Xcode 14.0";
			developmentRegion = en;
			hasScannedForEncodings = 0;
			knownRegions = (
				en,
				Base,
			);
			mainGroup = 3B9C45FF2A9E290D00FBCC19;
			productRefGroup = 3B9C46092A9E290D00FBCC19 /* Products */;
			projectDirPath = "";
			projectRoot = "";
			targets = (
				3B9C46072A9E290D00FBCC19 /* Teoria dos Grafos */,
			);
		};
/* End PBXProject section */

/* Begin PBXSourcesBuildPhase section */
		3B9C46042A9E290D00FBCC19 /* Sources */ = {
			isa = PBXSourcesBuildPhase;
			buildActionMask = 2147483647;
			files = (
				3B6D6F212AA0CCA000F81209 /* TGrafoNDR.cpp in Sources */,
				3B9C46182A9E299300FBCC19 /* TGrafoR.cpp in Sources */,
				3BC455622AA21E9D006CCD79 /* pilha.cpp in Sources */,
				3B9C46162A9E299300FBCC19 /* main.cpp in Sources */,
				3B6D6F1F2AA0CC8800F81209 /* TGrafoND.cpp in Sources */,
				3BC921822AB3429C0096BC76 /* TGrafoLista.cpp in Sources */,
				3B9C46172A9E299300FBCC19 /* TGrafo.cpp in Sources */,
			);
			runOnlyForDeploymentPostprocessing = 0;
		};
/* End PBXSourcesBuildPhase section */

/* Begin XCBuildConfiguration section */
		3B9C460D2A9E290D00FBCC19 /* Debug */ = {
			isa = XCBuildConfiguration;
			buildSettings = {
				ALWAYS_SEARCH_USER_PATHS = NO;
				CLANG_ANALYZER_NONNULL = YES;
				CLANG_ANALYZER_NUMBER_OBJECT_CONVERSION = YES_AGGRESSIVE;
				CLANG_CXX_LANGUAGE_STANDARD = "gnu++20";
				CLANG_ENABLE_MODULES = YES;
				CLANG_ENABLE_OBJC_ARC = YES;
				CLANG_ENABLE_OBJC_WEAK = YES;
				CLANG_WARN_BLOCK_CAPTURE_AUTORELEASING = YES;
				CLANG_WARN_BOOL_CONVERSION = YES;
				CLANG_WARN_COMMA = YES;
				CLANG_WARN_CONSTANT_CONVERSION = YES;
				CLANG_WARN_DEPRECATED_OBJC_IMPLEMENTATIONS = YES;
				CLANG_WARN_DIRECT_OBJC_ISA_USAGE = YES_ERROR;
				CLANG_WARN_DOCUMENTATION_COMMENTS = YES;
				CLANG_WARN_EMPTY_BODY = YES;
				CLANG_WARN_ENUM_CONVERSION = YES;
				CLANG_WARN_INFINITE_RECURSION = YES;
				CLANG_WARN_INT_CONVERSION = YES;
				CLANG_WARN_NON_LITERAL_NULL_CONVERSION = YES;
				CLANG_WARN_OBJC_IMPLICIT_RETAIN_SELF = YES;
				CLANG_WARN_OBJC_LITERAL_CONVERSION = YES;
				CLANG_WARN_OBJC_ROOT_CLASS = YES_ERROR;
				CLANG_WARN_QUOTED_INCLUDE_IN_FRAMEWORK_HEADER = YES;
				CLANG_WARN_RANGE_LOOP_ANALYSIS = YES;
				CLANG_WARN_STRICT_PROTOTYPES = YES;
				CLANG_WARN_SUSPICIOUS_MOVE = YES;
				CLANG_WARN_UNGUARDED_AVAILABILITY = YES_AGGRESSIVE;
				CLANG_WARN_UNREACHABLE_CODE = YES;
				CLANG_WARN__DUPLICATE_METHOD_MATCH = YES;
				COPY_PHASE_STRIP = NO;
				DEBUG_INFORMATION_FORMAT = dwarf;
				ENABLE_STRICT_OBJC_MSGSEND = YES;
				ENABLE_TESTABILITY = YES;
				GCC_C_LANGUAGE_STANDARD = gnu11;
				GCC_DYNAMIC_NO_PIC = NO;
				GCC_NO_COMMON_BLOCKS = YES;
				GCC_OPTIMIZATION_LEVEL = 0;
				GCC_PREPROCESSOR_DEFINITIONS = (
					"DEBUG=1",
					"$(inherited)",
				);
				GCC_WARN_64_TO_32_BIT_CONVERSION = YES;
				GCC_WARN_ABOUT_RETURN_TYPE = YES_ERROR;
				GCC_WARN_UNDECLARED_SELECTOR = YES;
				GCC_WARN_UNINITIALIZED_AUTOS = YES_AGGRESSIVE;
				GCC_WARN_UNUSED_FUNCTION = YES;
				GCC_WARN_UNUSED_VARIABLE = YES;
				MACOSX_DEPLOYMENT_TARGET = 13.3;
				MTL_ENABLE_DEBUG_INFO = INCLUDE_SOURCE;
				MTL_FAST_MATH = YES;
				ONLY_ACTIVE_ARCH = YES;
				SDKROOT = macosx;
			};
			name = Debug;
		};
		3B9C460E2A9E290D00FBCC19 /* Release */ = {
			isa = XCBuildConfiguration;
			buildSettings = {
				ALWAYS_SEARCH_USER_PATHS = NO;
				CLANG_ANALYZER_NONNULL = YES;
				CLANG_ANALYZER_NUMBER_OBJECT_CONVERSION = YES_AGGRESSIVE;
				CLANG_CXX_LANGUAGE_STANDARD = "gnu++20";
				CLANG_ENABLE_MODULES = YES;
				CLANG_ENABLE_OBJC_ARC = YES;
				CLANG_ENABLE_OBJC_WEAK = YES;
				CLANG_WARN_BLOCK_CAPTURE_AUTORELEASING = YES;
				CLANG_WARN_BOOL_CONVERSION = YES;
				CLANG_WARN_COMMA = YES;
				CLANG_WARN_CONSTANT_CONVERSION = YES;
				CLANG_WARN_DEPRECATED_OBJC_IMPLEMENTATIONS = YES;
				CLANG_WARN_DIRECT_OBJC_ISA_USAGE = YES_ERROR;
				CLANG_WARN_DOCUMENTATION_COMMENTS = YES;
				CLANG_WARN_EMPTY_BODY = YES;
				CLANG_WARN_ENUM_CONVERSION = YES;
				CLANG_WARN_INFINITE_RECURSION = YES;
				CLANG_WARN_INT_CONVERSION = YES;
				CLANG_WARN_NON_LITERAL_NULL_CONVERSION = YES;
				CLANG_WARN_OBJC_IMPLICIT_RETAIN_SELF = YES;
				CLANG_WARN_OBJC_LITERAL_CONVERSION = YES;
				CLANG_WARN_OBJC_ROOT_CLASS = YES_ERROR;
				CLANG_WARN_QUOTED_INCLUDE_IN_FRAMEWORK_HEADER = YES;
				CLANG_WARN_RANGE_LOOP_ANALYSIS = YES;
				CLANG_WARN_STRICT_PROTOTYPES = YES;
				CLANG_WARN_SUSPICIOUS_MOVE = YES;
				CLANG_WARN_UNGUARDED_AVAILABILITY = YES_AGGRESSIVE;
				CLANG_WARN_UNREACHABLE_CODE = YES;
				CLANG_WARN__DUPLICATE_METHOD_MATCH = YES;
				COPY_PHASE_STRIP = NO;
				DEBUG_INFORMATION_FORMAT = "dwarf-with-dsym";
				ENABLE_NS_ASSERTIONS = NO;
				ENABLE_STRICT_OBJC_MSGSEND = YES;
				GCC_C_LANGUAGE_STANDARD = gnu11;
				GCC_NO_COMMON_BLOCKS = YES;
				GCC_WARN_64_TO_32_BIT_CONVERSION = YES;
				GCC_WARN_ABOUT_RETURN_TYPE = YES_ERROR;
				GCC_WARN_UNDECLARED_SELECTOR = YES;
				GCC_WARN_UNINITIALIZED_AUTOS = YES_AGGRESSIVE;
				GCC_WARN_UNUSED_FUNCTION = YES;
				GCC_WARN_UNUSED_VARIABLE = YES;
				MACOSX_DEPLOYMENT_TARGET = 13.3;
				MTL_ENABLE_DEBUG_INFO = NO;
				MTL_FAST_MATH = YES;
				SDKROOT = macosx;
			};
			name = Release;
		};
		3B9C46102A9E290D00FBCC19 /* Debug */ = {
			isa = XCBuildConfiguration;
			buildSettings = {
				CODE_SIGN_STYLE = Automatic;
				DEVELOPMENT_TEAM = 6S6995TY46;
				ENABLE_HARDENED_RUNTIME = YES;
				PRODUCT_NAME = "$(TARGET_NAME)";
			};
			name = Debug;
		};
		3B9C46112A9E290D00FBCC19 /* Release */ = {
			isa = XCBuildConfiguration;
			buildSettings = {
				CODE_SIGN_STYLE = Automatic;
				DEVELOPMENT_TEAM = 6S6995TY46;
				ENABLE_HARDENED_RUNTIME = YES;
				PRODUCT_NAME = "$(TARGET_NAME)";
			};
			name = Release;
		};
/* End XCBuildConfiguration section */

/* Begin XCConfigurationList section */
		3B9C46032A9E290D00FBCC19 /* Build configuration list for PBXProject "Teoria dos Grafos" */ = {
			isa = XCConfigurationList;
			buildConfigurations = (
				3B9C460D2A9E290D00FBCC19 /* Debug */,
				3B9C460E2A9E290D00FBCC19 /* Release */,
			);
			defaultConfigurationIsVisible = 0;
			defaultConfigurationName = Release;
		};
		3B9C460F2A9E290D00FBCC19 /* Build configuration list for PBXNativeTarget "Teoria dos Grafos" */ = {
			isa = XCConfigurationList;
			buildConfigurations = (
				3B9C46102A9E290D00FBCC19 /* Debug */,
				3B9C46112A9E290D00FBCC19 /* Release */,
			);
			defaultConfigurationIsVisible = 0;
			defaultConfigurationName = Release;
		};
/* End XCConfigurationList section */
	};
	rootObject = 3B9C46002A9E290D00FBCC19 /* Project object */;
}
